// !$*UTF8*$!
{
	archiveVersion = 1;
	classes = {
	};
	objectVersion = 50;
	objects = {

/* Begin PBXBuildFile section */
		202FFA372760A4950062E984 /* CreateTaskView.swift in Sources */ = {isa = PBXBuildFile; fileRef = 202FFA362760A4950062E984 /* CreateTaskView.swift */; };
		20FD7AC62768CB6A009F8281 /* Category.swift in Sources */ = {isa = PBXBuildFile; fileRef = 20FD7AC52768CB6A009F8281 /* Category.swift */; };
		20FD7AC92768CD86009F8281 /* SelectCategoryView.swift in Sources */ = {isa = PBXBuildFile; fileRef = 20FD7AC82768CD86009F8281 /* SelectCategoryView.swift */; };
		20FD7AD42768E192009F8281 /* FirstTableViewCellCategory.swift in Sources */ = {isa = PBXBuildFile; fileRef = 20FD7AD32768E192009F8281 /* FirstTableViewCellCategory.swift */; };
		4231CF202760A366002A4A4C /* DetailsViewController.swift in Sources */ = {isa = PBXBuildFile; fileRef = 4231CF1F2760A366002A4A4C /* DetailsViewController.swift */; };
		4269C60E2760907F0034D5FD /* AppDelegate.swift in Sources */ = {isa = PBXBuildFile; fileRef = 4269C60D2760907F0034D5FD /* AppDelegate.swift */; };
		4269C6102760907F0034D5FD /* SceneDelegate.swift in Sources */ = {isa = PBXBuildFile; fileRef = 4269C60F2760907F0034D5FD /* SceneDelegate.swift */; };
		4269C6122760907F0034D5FD /* ViewController.swift in Sources */ = {isa = PBXBuildFile; fileRef = 4269C6112760907F0034D5FD /* ViewController.swift */; };
		4269C6152760907F0034D5FD /* Main.storyboard in Resources */ = {isa = PBXBuildFile; fileRef = 4269C6132760907F0034D5FD /* Main.storyboard */; };
		4269C617276090800034D5FD /* Assets.xcassets in Resources */ = {isa = PBXBuildFile; fileRef = 4269C616276090800034D5FD /* Assets.xcassets */; };
		4269C61A276090800034D5FD /* LaunchScreen.storyboard in Resources */ = {isa = PBXBuildFile; fileRef = 4269C618276090800034D5FD /* LaunchScreen.storyboard */; };
		4269C6232760912A0034D5FD /* Todo.swift in Sources */ = {isa = PBXBuildFile; fileRef = 4269C6222760912A0034D5FD /* Todo.swift */; };
		4269C627276098310034D5FD /* TableViewCell.swift in Sources */ = {isa = PBXBuildFile; fileRef = 4269C626276098310034D5FD /* TableViewCell.swift */; };
/* End PBXBuildFile section */

/* Begin PBXContainerItemProxy section */
		202FFA512760B1E60062E984 /* PBXContainerItemProxy */ = {
			isa = PBXContainerItemProxy;
			containerPortal = 202FFA482760B1E60062E984 /* MonPremierTableView.xcodeproj */;
			proxyType = 2;
			remoteGlobalIDString = 70032B1A27566F2700F8AE83;
			remoteInfo = MonPremierTableView;
		};
/* End PBXContainerItemProxy section */

/* Begin PBXFileReference section */
		202FFA362760A4950062E984 /* CreateTaskView.swift */ = {isa = PBXFileReference; lastKnownFileType = sourcecode.swift; path = CreateTaskView.swift; sourceTree = "<group>"; };
		202FFA3B2760B1E60062E984 /* ViewController.swift */ = {isa = PBXFileReference; lastKnownFileType = sourcecode.swift; path = ViewController.swift; sourceTree = "<group>"; };
		202FFA3C2760B1E60062E984 /* model.swift */ = {isa = PBXFileReference; lastKnownFileType = sourcecode.swift; path = model.swift; sourceTree = "<group>"; };
		202FFA3D2760B1E60062E984 /* AddViewController.swift */ = {isa = PBXFileReference; lastKnownFileType = sourcecode.swift; path = AddViewController.swift; sourceTree = "<group>"; };
		202FFA3E2760B1E60062E984 /* Assets.xcassets */ = {isa = PBXFileReference; lastKnownFileType = folder.assetcatalog; path = Assets.xcassets; sourceTree = "<group>"; };
		202FFA3F2760B1E60062E984 /* TableViewCell.swift */ = {isa = PBXFileReference; lastKnownFileType = sourcecode.swift; path = TableViewCell.swift; sourceTree = "<group>"; };
		202FFA412760B1E60062E984 /* Base */ = {isa = PBXFileReference; lastKnownFileType = file.storyboard; name = Base; path = Base.lproj/LaunchScreen.storyboard; sourceTree = "<group>"; };
		202FFA432760B1E60062E984 /* Base */ = {isa = PBXFileReference; lastKnownFileType = file.storyboard; name = Base; path = Base.lproj/Main.storyboard; sourceTree = "<group>"; };
		202FFA442760B1E60062E984 /* AppDelegate.swift */ = {isa = PBXFileReference; lastKnownFileType = sourcecode.swift; path = AppDelegate.swift; sourceTree = "<group>"; };
		202FFA452760B1E60062E984 /* DetailsViewController.swift */ = {isa = PBXFileReference; lastKnownFileType = sourcecode.swift; path = DetailsViewController.swift; sourceTree = "<group>"; };
		202FFA462760B1E60062E984 /* Info.plist */ = {isa = PBXFileReference; lastKnownFileType = text.plist.xml; path = Info.plist; sourceTree = "<group>"; };
		202FFA472760B1E60062E984 /* SceneDelegate.swift */ = {isa = PBXFileReference; lastKnownFileType = sourcecode.swift; path = SceneDelegate.swift; sourceTree = "<group>"; };
		202FFA482760B1E60062E984 /* MonPremierTableView.xcodeproj */ = {isa = PBXFileReference; lastKnownFileType = "wrapper.pb-project"; path = MonPremierTableView.xcodeproj; sourceTree = "<group>"; };
		202FFA4B2760B1E60062E984 /* 4.jpg */ = {isa = PBXFileReference; lastKnownFileType = image.jpeg; path = 4.jpg; sourceTree = "<group>"; };
		202FFA4C2760B1E60062E984 /* 5.jpg */ = {isa = PBXFileReference; lastKnownFileType = image.jpeg; path = 5.jpg; sourceTree = "<group>"; };
		202FFA4D2760B1E60062E984 /* 2.jpg */ = {isa = PBXFileReference; lastKnownFileType = image.jpeg; path = 2.jpg; sourceTree = "<group>"; };
		202FFA4E2760B1E60062E984 /* 3.jpg */ = {isa = PBXFileReference; lastKnownFileType = image.jpeg; path = 3.jpg; sourceTree = "<group>"; };
		202FFA4F2760B1E60062E984 /* 1.jpg */ = {isa = PBXFileReference; lastKnownFileType = image.jpeg; path = 1.jpg; sourceTree = "<group>"; };
		20FD7AC52768CB6A009F8281 /* Category.swift */ = {isa = PBXFileReference; lastKnownFileType = sourcecode.swift; path = Category.swift; sourceTree = "<group>"; };
		20FD7AC82768CD86009F8281 /* SelectCategoryView.swift */ = {isa = PBXFileReference; lastKnownFileType = sourcecode.swift; path = SelectCategoryView.swift; sourceTree = "<group>"; };
		20FD7AD32768E192009F8281 /* FirstTableViewCellCategory.swift */ = {isa = PBXFileReference; fileEncoding = 4; lastKnownFileType = sourcecode.swift; name = FirstTableViewCellCategory.swift; path = ../../../.Trash/FirstTableViewCellCategory.swift; sourceTree = "<group>"; };
		4231CF1F2760A366002A4A4C /* DetailsViewController.swift */ = {isa = PBXFileReference; lastKnownFileType = sourcecode.swift; path = DetailsViewController.swift; sourceTree = "<group>"; };
		4269C60A2760907F0034D5FD /* TP1.app */ = {isa = PBXFileReference; explicitFileType = wrapper.application; includeInIndex = 0; path = TP1.app; sourceTree = BUILT_PRODUCTS_DIR; };
		4269C60D2760907F0034D5FD /* AppDelegate.swift */ = {isa = PBXFileReference; lastKnownFileType = sourcecode.swift; path = AppDelegate.swift; sourceTree = "<group>"; };
		4269C60F2760907F0034D5FD /* SceneDelegate.swift */ = {isa = PBXFileReference; lastKnownFileType = sourcecode.swift; path = SceneDelegate.swift; sourceTree = "<group>"; };
		4269C6112760907F0034D5FD /* ViewController.swift */ = {isa = PBXFileReference; lastKnownFileType = sourcecode.swift; path = ViewController.swift; sourceTree = "<group>"; };
		4269C6142760907F0034D5FD /* Base */ = {isa = PBXFileReference; lastKnownFileType = file.storyboard; name = Base; path = Base.lproj/Main.storyboard; sourceTree = "<group>"; };
		4269C616276090800034D5FD /* Assets.xcassets */ = {isa = PBXFileReference; lastKnownFileType = folder.assetcatalog; path = Assets.xcassets; sourceTree = "<group>"; };
		4269C619276090800034D5FD /* Base */ = {isa = PBXFileReference; lastKnownFileType = file.storyboard; name = Base; path = Base.lproj/LaunchScreen.storyboard; sourceTree = "<group>"; };
		4269C61B276090800034D5FD /* Info.plist */ = {isa = PBXFileReference; lastKnownFileType = text.plist.xml; path = Info.plist; sourceTree = "<group>"; };
		4269C6222760912A0034D5FD /* Todo.swift */ = {isa = PBXFileReference; lastKnownFileType = sourcecode.swift; path = Todo.swift; sourceTree = "<group>"; };
		4269C626276098310034D5FD /* TableViewCell.swift */ = {isa = PBXFileReference; lastKnownFileType = sourcecode.swift; path = TableViewCell.swift; sourceTree = "<group>"; };
/* End PBXFileReference section */

/* Begin PBXFrameworksBuildPhase section */
		4269C6072760907F0034D5FD /* Frameworks */ = {
			isa = PBXFrameworksBuildPhase;
			buildActionMask = 2147483647;
			files = (
			);
			runOnlyForDeploymentPostprocessing = 0;
		};
/* End PBXFrameworksBuildPhase section */

/* Begin PBXGroup section */
		202FFA392760B1E60062E984 /* td */ = {
			isa = PBXGroup;
			children = (
				202FFA3A2760B1E60062E984 /* MonPremierTableView */,
				202FFA482760B1E60062E984 /* MonPremierTableView.xcodeproj */,
				202FFA4B2760B1E60062E984 /* 4.jpg */,
				202FFA4C2760B1E60062E984 /* 5.jpg */,
				202FFA4D2760B1E60062E984 /* 2.jpg */,
				202FFA4E2760B1E60062E984 /* 3.jpg */,
				202FFA4F2760B1E60062E984 /* 1.jpg */,
			);
			name = td;
			path = ../../../Desktop/td;
			sourceTree = "<group>";
		};
		202FFA3A2760B1E60062E984 /* MonPremierTableView */ = {
			isa = PBXGroup;
			children = (
				202FFA3B2760B1E60062E984 /* ViewController.swift */,
				202FFA3C2760B1E60062E984 /* model.swift */,
				202FFA3D2760B1E60062E984 /* AddViewController.swift */,
				202FFA3E2760B1E60062E984 /* Assets.xcassets */,
				202FFA3F2760B1E60062E984 /* TableViewCell.swift */,
				202FFA402760B1E60062E984 /* LaunchScreen.storyboard */,
				202FFA422760B1E60062E984 /* Main.storyboard */,
				202FFA442760B1E60062E984 /* AppDelegate.swift */,
				202FFA452760B1E60062E984 /* DetailsViewController.swift */,
				202FFA462760B1E60062E984 /* Info.plist */,
				202FFA472760B1E60062E984 /* SceneDelegate.swift */,
			);
			path = MonPremierTableView;
			sourceTree = "<group>";
		};
		202FFA492760B1E60062E984 /* Products */ = {
			isa = PBXGroup;
			children = (
				202FFA522760B1E60062E984 /* MonPremierTableView.app */,
			);
			name = Products;
			sourceTree = "<group>";
		};
		4269C6012760907F0034D5FD = {
			isa = PBXGroup;
			children = (
				4269C60C2760907F0034D5FD /* TP1 */,
				4269C60B2760907F0034D5FD /* Products */,
				202FFA392760B1E60062E984 /* td */,
			);
			sourceTree = "<group>";
		};
		4269C60B2760907F0034D5FD /* Products */ = {
			isa = PBXGroup;
			children = (
				4269C60A2760907F0034D5FD /* TP1.app */,
			);
			name = Products;
			sourceTree = "<group>";
		};
		4269C60C2760907F0034D5FD /* TP1 */ = {
			isa = PBXGroup;
			children = (
				4269C60D2760907F0034D5FD /* AppDelegate.swift */,
				4269C60F2760907F0034D5FD /* SceneDelegate.swift */,
				4269C6112760907F0034D5FD /* ViewController.swift */,
				202FFA362760A4950062E984 /* CreateTaskView.swift */,
				4269C6132760907F0034D5FD /* Main.storyboard */,
				20FD7AD32768E192009F8281 /* FirstTableViewCellCategory.swift */,
				20FD7AC82768CD86009F8281 /* SelectCategoryView.swift */,
				4231CF1F2760A366002A4A4C /* DetailsViewController.swift */,
				4269C626276098310034D5FD /* TableViewCell.swift */,
				4269C616276090800034D5FD /* Assets.xcassets */,
				4269C618276090800034D5FD /* LaunchScreen.storyboard */,
				4269C61B276090800034D5FD /* Info.plist */,
				4269C6222760912A0034D5FD /* Todo.swift */,
				20FD7AC52768CB6A009F8281 /* Category.swift */,
			);
			path = TP1;
			sourceTree = "<group>";
		};
/* End PBXGroup section */

/* Begin PBXNativeTarget section */
		4269C6092760907F0034D5FD /* TP1 */ = {
			isa = PBXNativeTarget;
			buildConfigurationList = 4269C61E276090800034D5FD /* Build configuration list for PBXNativeTarget "TP1" */;
			buildPhases = (
				4269C6062760907F0034D5FD /* Sources */,
				4269C6072760907F0034D5FD /* Frameworks */,
				4269C6082760907F0034D5FD /* Resources */,
			);
			buildRules = (
			);
			dependencies = (
			);
			name = TP1;
			productName = TP1;
			productReference = 4269C60A2760907F0034D5FD /* TP1.app */;
			productType = "com.apple.product-type.application";
		};
/* End PBXNativeTarget section */

/* Begin PBXProject section */
		4269C6022760907F0034D5FD /* Project object */ = {
			isa = PBXProject;
			attributes = {
				LastSwiftUpdateCheck = 1200;
				LastUpgradeCheck = 1200;
				TargetAttributes = {
					4269C6092760907F0034D5FD = {
						CreatedOnToolsVersion = 12.0.1;
					};
				};
			};
			buildConfigurationList = 4269C6052760907F0034D5FD /* Build configuration list for PBXProject "TP1" */;
			compatibilityVersion = "Xcode 9.3";
			developmentRegion = en;
			hasScannedForEncodings = 0;
			knownRegions = (
				en,
				Base,
			);
			mainGroup = 4269C6012760907F0034D5FD;
			productRefGroup = 4269C60B2760907F0034D5FD /* Products */;
			projectDirPath = "";
			projectReferences = (
				{
					ProductGroup = 202FFA492760B1E60062E984 /* Products */;
					ProjectRef = 202FFA482760B1E60062E984 /* MonPremierTableView.xcodeproj */;
				},
			);
			projectRoot = "";
			targets = (
				4269C6092760907F0034D5FD /* TP1 */,
			);
		};
/* End PBXProject section */

/* Begin PBXReferenceProxy section */
		202FFA522760B1E60062E984 /* MonPremierTableView.app */ = {
			isa = PBXReferenceProxy;
			fileType = wrapper.application;
			path = MonPremierTableView.app;
			remoteRef = 202FFA512760B1E60062E984 /* PBXContainerItemProxy */;
			sourceTree = BUILT_PRODUCTS_DIR;
		};
/* End PBXReferenceProxy section */

/* Begin PBXResourcesBuildPhase section */
		4269C6082760907F0034D5FD /* Resources */ = {
			isa = PBXResourcesBuildPhase;
			buildActionMask = 2147483647;
			files = (
				4269C61A276090800034D5FD /* LaunchScreen.storyboard in Resources */,
				4269C617276090800034D5FD /* Assets.xcassets in Resources */,
				4269C6152760907F0034D5FD /* Main.storyboard in Resources */,
			);
			runOnlyForDeploymentPostprocessing = 0;
		};
/* End PBXResourcesBuildPhase section */

/* Begin PBXSourcesBuildPhase section */
		4269C6062760907F0034D5FD /* Sources */ = {
			isa = PBXSourcesBuildPhase;
			buildActionMask = 2147483647;
			files = (
				4269C627276098310034D5FD /* TableViewCell.swift in Sources */,
				4269C6122760907F0034D5FD /* ViewController.swift in Sources */,
				4269C60E2760907F0034D5FD /* AppDelegate.swift in Sources */,
				202FFA372760A4950062E984 /* CreateTaskView.swift in Sources */,
				4269C6102760907F0034D5FD /* SceneDelegate.swift in Sources */,
				4269C6232760912A0034D5FD /* Todo.swift in Sources */,
				4231CF202760A366002A4A4C /* DetailsViewController.swift in Sources */,
				20FD7AC92768CD86009F8281 /* SelectCategoryView.swift in Sources */,
				20FD7AD42768E192009F8281 /* FirstTableViewCellCategory.swift in Sources */,
				20FD7AC62768CB6A009F8281 /* Category.swift in Sources */,
			);
			runOnlyForDeploymentPostprocessing = 0;
		};
/* End PBXSourcesBuildPhase section */

/* Begin PBXVariantGroup section */
		202FFA402760B1E60062E984 /* LaunchScreen.storyboard */ = {
			isa = PBXVariantGroup;
			children = (
				202FFA412760B1E60062E984 /* Base */,
			);
			name = LaunchScreen.storyboard;
			sourceTree = "<group>";
		};
		202FFA422760B1E60062E984 /* Main.storyboard */ = {
			isa = PBXVariantGroup;
			children = (
				202FFA432760B1E60062E984 /* Base */,
			);
			name = Main.storyboard;
			sourceTree = "<group>";
		};
		4269C6132760907F0034D5FD /* Main.storyboard */ = {
			isa = PBXVariantGroup;
			children = (
				4269C6142760907F0034D5FD /* Base */,
			);
			name = Main.storyboard;
			sourceTree = "<group>";
		};
		4269C618276090800034D5FD /* LaunchScreen.storyboard */ = {
			isa = PBXVariantGroup;
			children = (
				4269C619276090800034D5FD /* Base */,
			);
			name = LaunchScreen.storyboard;
			sourceTree = "<group>";
		};
/* End PBXVariantGroup section */

/* Begin XCBuildConfiguration section */
		4269C61C276090800034D5FD /* Debug */ = {
			isa = XCBuildConfiguration;
			buildSettings = {
				ALWAYS_SEARCH_USER_PATHS = NO;
				CLANG_ANALYZER_NONNULL = YES;
				CLANG_ANALYZER_NUMBER_OBJECT_CONVERSION = YES_AGGRESSIVE;
				CLANG_CXX_LANGUAGE_STANDARD = "gnu++14";
				CLANG_CXX_LIBRARY = "libc++";
				CLANG_ENABLE_MODULES = YES;
				CLANG_ENABLE_OBJC_ARC = YES;
				CLANG_ENABLE_OBJC_WEAK = YES;
				CLANG_WARN_BLOCK_CAPTURE_AUTORELEASING = YES;
				CLANG_WARN_BOOL_CONVERSION = YES;
				CLANG_WARN_COMMA = YES;
				CLANG_WARN_CONSTANT_CONVERSION = YES;
				CLANG_WARN_DEPRECATED_OBJC_IMPLEMENTATIONS = YES;
				CLANG_WARN_DIRECT_OBJC_ISA_USAGE = YES_ERROR;
				CLANG_WARN_DOCUMENTATION_COMMENTS = YES;
				CLANG_WARN_EMPTY_BODY = YES;
				CLANG_WARN_ENUM_CONVERSION = YES;
				CLANG_WARN_INFINITE_RECURSION = YES;
				CLANG_WARN_INT_CONVERSION = YES;
				CLANG_WARN_NON_LITERAL_NULL_CONVERSION = YES;
				CLANG_WARN_OBJC_IMPLICIT_RETAIN_SELF = YES;
				CLANG_WARN_OBJC_LITERAL_CONVERSION = YES;
				CLANG_WARN_OBJC_ROOT_CLASS = YES_ERROR;
				CLANG_WARN_QUOTED_INCLUDE_IN_FRAMEWORK_HEADER = YES;
				CLANG_WARN_RANGE_LOOP_ANALYSIS = YES;
				CLANG_WARN_STRICT_PROTOTYPES = YES;
				CLANG_WARN_SUSPICIOUS_MOVE = YES;
				CLANG_WARN_UNGUARDED_AVAILABILITY = YES_AGGRESSIVE;
				CLANG_WARN_UNREACHABLE_CODE = YES;
				CLANG_WARN__DUPLICATE_METHOD_MATCH = YES;
				COPY_PHASE_STRIP = NO;
				DEBUG_INFORMATION_FORMAT = dwarf;
				ENABLE_STRICT_OBJC_MSGSEND = YES;
				ENABLE_TESTABILITY = YES;
				GCC_C_LANGUAGE_STANDARD = gnu11;
				GCC_DYNAMIC_NO_PIC = NO;
				GCC_NO_COMMON_BLOCKS = YES;
				GCC_OPTIMIZATION_LEVEL = 0;
				GCC_PREPROCESSOR_DEFINITIONS = (
					"DEBUG=1",
					"$(inherited)",
				);
				GCC_WARN_64_TO_32_BIT_CONVERSION = YES;
				GCC_WARN_ABOUT_RETURN_TYPE = YES_ERROR;
				GCC_WARN_UNDECLARED_SELECTOR = YES;
				GCC_WARN_UNINITIALIZED_AUTOS = YES_AGGRESSIVE;
				GCC_WARN_UNUSED_FUNCTION = YES;
				GCC_WARN_UNUSED_VARIABLE = YES;
				IPHONEOS_DEPLOYMENT_TARGET = 14.0;
				MTL_ENABLE_DEBUG_INFO = INCLUDE_SOURCE;
				MTL_FAST_MATH = YES;
				ONLY_ACTIVE_ARCH = YES;
				SDKROOT = iphoneos;
				SWIFT_ACTIVE_COMPILATION_CONDITIONS = DEBUG;
				SWIFT_OPTIMIZATION_LEVEL = "-Onone";
			};
			name = Debug;
		};
		4269C61D276090800034D5FD /* Release */ = {
			isa = XCBuildConfiguration;
			buildSettings = {
				ALWAYS_SEARCH_USER_PATHS = NO;
				CLANG_ANALYZER_NONNULL = YES;
				CLANG_ANALYZER_NUMBER_OBJECT_CONVERSION = YES_AGGRESSIVE;
				CLANG_CXX_LANGUAGE_STANDARD = "gnu++14";
				CLANG_CXX_LIBRARY = "libc++";
				CLANG_ENABLE_MODULES = YES;
				CLANG_ENABLE_OBJC_ARC = YES;
				CLANG_ENABLE_OBJC_WEAK = YES;
				CLANG_WARN_BLOCK_CAPTURE_AUTORELEASING = YES;
				CLANG_WARN_BOOL_CONVERSION = YES;
				CLANG_WARN_COMMA = YES;
				CLANG_WARN_CONSTANT_CONVERSION = YES;
				CLANG_WARN_DEPRECATED_OBJC_IMPLEMENTATIONS = YES;
				CLANG_WARN_DIRECT_OBJC_ISA_USAGE = YES_ERROR;
				CLANG_WARN_DOCUMENTATION_COMMENTS = YES;
				CLANG_WARN_EMPTY_BODY = YES;
				CLANG_WARN_ENUM_CONVERSION = YES;
				CLANG_WARN_INFINITE_RECURSION = YES;
				CLANG_WARN_INT_CONVERSION = YES;
				CLANG_WARN_NON_LITERAL_NULL_CONVERSION = YES;
				CLANG_WARN_OBJC_IMPLICIT_RETAIN_SELF = YES;
				CLANG_WARN_OBJC_LITERAL_CONVERSION = YES;
				CLANG_WARN_OBJC_ROOT_CLASS = YES_ERROR;
				CLANG_WARN_QUOTED_INCLUDE_IN_FRAMEWORK_HEADER = YES;
				CLANG_WARN_RANGE_LOOP_ANALYSIS = YES;
				CLANG_WARN_STRICT_PROTOTYPES = YES;
				CLANG_WARN_SUSPICIOUS_MOVE = YES;
				CLANG_WARN_UNGUARDED_AVAILABILITY = YES_AGGRESSIVE;
				CLANG_WARN_UNREACHABLE_CODE = YES;
				CLANG_WARN__DUPLICATE_METHOD_MATCH = YES;
				COPY_PHASE_STRIP = NO;
				DEBUG_INFORMATION_FORMAT = "dwarf-with-dsym";
				ENABLE_NS_ASSERTIONS = NO;
				ENABLE_STRICT_OBJC_MSGSEND = YES;
				GCC_C_LANGUAGE_STANDARD = gnu11;
				GCC_NO_COMMON_BLOCKS = YES;
				GCC_WARN_64_TO_32_BIT_CONVERSION = YES;
				GCC_WARN_ABOUT_RETURN_TYPE = YES_ERROR;
				GCC_WARN_UNDECLARED_SELECTOR = YES;
				GCC_WARN_UNINITIALIZED_AUTOS = YES_AGGRESSIVE;
				GCC_WARN_UNUSED_FUNCTION = YES;
				GCC_WARN_UNUSED_VARIABLE = YES;
				IPHONEOS_DEPLOYMENT_TARGET = 14.0;
				MTL_ENABLE_DEBUG_INFO = NO;
				MTL_FAST_MATH = YES;
				SDKROOT = iphoneos;
				SWIFT_COMPILATION_MODE = wholemodule;
				SWIFT_OPTIMIZATION_LEVEL = "-O";
				VALIDATE_PRODUCT = YES;
			};
			name = Release;
		};
		4269C61F276090800034D5FD /* Debug */ = {
			isa = XCBuildConfiguration;
			buildSettings = {
				ASSETCATALOG_COMPILER_APPICON_NAME = AppIcon;
				ASSETCATALOG_COMPILER_GLOBAL_ACCENT_COLOR_NAME = AccentColor;
				CODE_SIGN_STYLE = Automatic;
				INFOPLIST_FILE = TP1/Info.plist;
				LD_RUNPATH_SEARCH_PATHS = (
					"$(inherited)",
					"@executable_path/Frameworks",
				);
				PRODUCT_BUNDLE_IDENTIFIER = com.tj.TP1;
				PRODUCT_NAME = "$(TARGET_NAME)";
				SWIFT_VERSION = 5.0;
				TARGETED_DEVICE_FAMILY = "1,2";
			};
			name = Debug;
		};
		4269C620276090800034D5FD /* Release */ = {
			isa = XCBuildConfiguration;
			buildSettings = {
				ASSETCATALOG_COMPILER_APPICON_NAME = AppIcon;
				ASSETCATALOG_COMPILER_GLOBAL_ACCENT_COLOR_NAME = AccentColor;
				CODE_SIGN_STYLE = Automatic;
				INFOPLIST_FILE = TP1/Info.plist;
				LD_RUNPATH_SEARCH_PATHS = (
					"$(inherited)",
					"@executable_path/Frameworks",
				);
				PRODUCT_BUNDLE_IDENTIFIER = com.tj.TP1;
				PRODUCT_NAME = "$(TARGET_NAME)";
				SWIFT_VERSION = 5.0;
				TARGETED_DEVICE_FAMILY = "1,2";
			};
			name = Release;
		};
/* End XCBuildConfiguration section */

/* Begin XCConfigurationList section */
		4269C6052760907F0034D5FD /* Build configuration list for PBXProject "TP1" */ = {
			isa = XCConfigurationList;
			buildConfigurations = (
				4269C61C276090800034D5FD /* Debug */,
				4269C61D276090800034D5FD /* Release */,
			);
			defaultConfigurationIsVisible = 0;
			defaultConfigurationName = Release;
		};
		4269C61E276090800034D5FD /* Build configuration list for PBXNativeTarget "TP1" */ = {
			isa = XCConfigurationList;
			buildConfigurations = (
				4269C61F276090800034D5FD /* Debug */,
				4269C620276090800034D5FD /* Release */,
			);
			defaultConfigurationIsVisible = 0;
			defaultConfigurationName = Release;
		};
/* End XCConfigurationList section */
	};
	rootObject = 4269C6022760907F0034D5FD /* Project object */;
}
